
Microsoft Visual Studio Solution File, Format Version 12.00
# Visual Studio 15
VisualStudioVersion = 15.0.26730.3
MinimumVisualStudioVersion = 10.0.40219.1
Project("{9A19103F-16F7-4668-BE54-9A1E7A4F7556}") = "nopCommerceLanguagePack", "nopCommerceLanguagePack\nopCommerceLanguagePack.csproj", "{16798D59-5834-416D-99B3-F6CCEE8E7F55}"
EndProject
Global
	GlobalSection(SolutionConfigurationPlatforms) = preSolution
		Debug|Any CPU = Debug|Any CPU
		Release|Any CPU = Release|Any CPU
	EndGlobalSection
	GlobalSection(ProjectConfigurationPlatforms) = postSolution
		{16798D59-5834-416D-99B3-F6CCEE8E7F55}.Debug|Any CPU.ActiveCfg = Debug|Any CPU
		{16798D59-5834-416D-99B3-F6CCEE8E7F55}.Debug|Any CPU.Build.0 = Debug|Any CPU
		{16798D59-5834-416D-99B3-F6CCEE8E7F55}.Release|Any CPU.ActiveCfg = Release|Any CPU
		{16798D59-5834-416D-99B3-F6CCEE8E7F55}.Release|Any CPU.Build.0 = Release|Any CPU
	EndGlobalSection
	GlobalSection(SolutionProperties) = preSolution
		HideSolutionNode = FALSE
	EndGlobalSection
	GlobalSection(ExtensibilityGlobals) = postSolution
		SolutionGuid = {0575B34D-CEB2-4C89-B5EC-834D4710CBF4}
	EndGlobalSection
EndGlobal
